// !$*UTF8*$!
{
	archiveVersion = 1;
	classes = {
	};
	objectVersion = 46;
	objects = {

/* Begin PBXBuildFile section */
		D0506FD81C7B4CFD008E7B9A /* AppDelegate.swift in Sources */ = {isa = PBXBuildFile; fileRef = D0506FD71C7B4CFD008E7B9A /* AppDelegate.swift */; };
		D0506FDA1C7B4CFD008E7B9A /* ViewController.swift in Sources */ = {isa = PBXBuildFile; fileRef = D0506FD91C7B4CFD008E7B9A /* ViewController.swift */; };
		D0506FDD1C7B4CFD008E7B9A /* Main.storyboard in Resources */ = {isa = PBXBuildFile; fileRef = D0506FDB1C7B4CFD008E7B9A /* Main.storyboard */; };
		D0506FED1C7B4D66008E7B9A /* KOActivityIndicator.swift in Sources */ = {isa = PBXBuildFile; fileRef = D0506FEC1C7B4D66008E7B9A /* KOActivityIndicator.swift */; };
		D0506FF01C7B4E02008E7B9A /* LaunchScreen.xib in Resources */ = {isa = PBXBuildFile; fileRef = D0506FEE1C7B4E02008E7B9A /* LaunchScreen.xib */; };
/* End PBXBuildFile section */

/* Begin PBXFileReference section */
		D0506FD41C7B4CFD008E7B9A /* KOActivityIndicatorExample.app */ = {isa = PBXFileReference; explicitFileType = wrapper.application; includeInIndex = 0; path = KOActivityIndicatorExample.app; sourceTree = BUILT_PRODUCTS_DIR; };
		D0506FD71C7B4CFD008E7B9A /* AppDelegate.swift */ = {isa = PBXFileReference; lastKnownFileType = sourcecode.swift; path = AppDelegate.swift; sourceTree = "<group>"; };
		D0506FD91C7B4CFD008E7B9A /* ViewController.swift */ = {isa = PBXFileReference; lastKnownFileType = sourcecode.swift; path = ViewController.swift; sourceTree = "<group>"; };
		D0506FDC1C7B4CFD008E7B9A /* Base */ = {isa = PBXFileReference; lastKnownFileType = file.storyboard; name = Base; path = Base.lproj/Main.storyboard; sourceTree = "<group>"; };
		D0506FE31C7B4CFD008E7B9A /* Info.plist */ = {isa = PBXFileReference; lastKnownFileType = text.plist.xml; path = Info.plist; sourceTree = "<group>"; };
		D0506FEC1C7B4D66008E7B9A /* KOActivityIndicator.swift */ = {isa = PBXFileReference; fileEncoding = 4; lastKnownFileType = sourcecode.swift; path = KOActivityIndicator.swift; sourceTree = "<group>"; };
		D0506FEF1C7B4E02008E7B9A /* Base */ = {isa = PBXFileReference; lastKnownFileType = file.xib; name = Base; path = Base.lproj/LaunchScreen.xib; sourceTree = "<group>"; };
/* End PBXFileReference section */

/* Begin PBXFrameworksBuildPhase section */
		D0506FD11C7B4CFD008E7B9A /* Frameworks */ = {
			isa = PBXFrameworksBuildPhase;
			buildActionMask = 2147483647;
			files = (
			);
			runOnlyForDeploymentPostprocessing = 0;
		};
/* End PBXFrameworksBuildPhase section */

/* Begin PBXGroup section */
		D0506FCB1C7B4CFD008E7B9A = {
			isa = PBXGroup;
			children = (
				D0506FEB1C7B4D66008E7B9A /* KOActivityIndicator */,
				D0506FD61C7B4CFD008E7B9A /* KOActivityIndicatorExample */,
				D0506FD51C7B4CFD008E7B9A /* Products */,
			);
			sourceTree = "<group>";
		};
		D0506FD51C7B4CFD008E7B9A /* Products */ = {
			isa = PBXGroup;
			children = (
				D0506FD41C7B4CFD008E7B9A /* KOActivityIndicatorExample.app */,
			);
			name = Products;
			sourceTree = "<group>";
		};
		D0506FD61C7B4CFD008E7B9A /* KOActivityIndicatorExample */ = {
			isa = PBXGroup;
			children = (
				D0506FD71C7B4CFD008E7B9A /* AppDelegate.swift */,
				D0506FD91C7B4CFD008E7B9A /* ViewController.swift */,
				D0506FDB1C7B4CFD008E7B9A /* Main.storyboard */,
				D0506FEE1C7B4E02008E7B9A /* LaunchScreen.xib */,
				D0506FE31C7B4CFD008E7B9A /* Info.plist */,
			);
			path = KOActivityIndicatorExample;
			sourceTree = "<group>";
		};
		D0506FEB1C7B4D66008E7B9A /* KOActivityIndicator */ = {
			isa = PBXGroup;
			children = (
				D0506FEC1C7B4D66008E7B9A /* KOActivityIndicator.swift */,
			);
			path = KOActivityIndicator;
			sourceTree = "<group>";
		};
/* End PBXGroup section */

/* Begin PBXNativeTarget section */
		D0506FD31C7B4CFD008E7B9A /* KOActivityIndicatorExample */ = {
			isa = PBXNativeTarget;
			buildConfigurationList = D0506FE61C7B4CFD008E7B9A /* Build configuration list for PBXNativeTarget "KOActivityIndicatorExample" */;
			buildPhases = (
				D0506FD01C7B4CFD008E7B9A /* Sources */,
				D0506FD11C7B4CFD008E7B9A /* Frameworks */,
				D0506FD21C7B4CFD008E7B9A /* Resources */,
			);
			buildRules = (
			);
			dependencies = (
			);
			name = KOActivityIndicatorExample;
			productName = KOActivityIndicatorExample;
			productReference = D0506FD41C7B4CFD008E7B9A /* KOActivityIndicatorExample.app */;
			productType = "com.apple.product-type.application";
		};
/* End PBXNativeTarget section */

/* Begin PBXProject section */
		D0506FCC1C7B4CFD008E7B9A /* Project object */ = {
			isa = PBXProject;
			attributes = {
				LastSwiftUpdateCheck = 0720;
				LastUpgradeCheck = 0720;
				ORGANIZATIONNAME = kohtenko;
				TargetAttributes = {
					D0506FD31C7B4CFD008E7B9A = {
						CreatedOnToolsVersion = 7.2.1;
					};
				};
			};
			buildConfigurationList = D0506FCF1C7B4CFD008E7B9A /* Build configuration list for PBXProject "KOActivityIndicatorExample" */;
			compatibilityVersion = "Xcode 3.2";
			developmentRegion = English;
			hasScannedForEncodings = 0;
			knownRegions = (
				en,
				Base,
			);
			mainGroup = D0506FCB1C7B4CFD008E7B9A;
			productRefGroup = D0506FD51C7B4CFD008E7B9A /* Products */;
			projectDirPath = "";
			projectRoot = "";
			targets = (
				D0506FD31C7B4CFD008E7B9A /* KOActivityIndicatorExample */,
			);
		};
/* End PBXProject section */

/* Begin PBXResourcesBuildPhase section */
		D0506FD21C7B4CFD008E7B9A /* Resources */ = {
			isa = PBXResourcesBuildPhase;
			buildActionMask = 2147483647;
			files = (
				D0506FF01C7B4E02008E7B9A /* LaunchScreen.xib in Resources */,
				D0506FDD1C7B4CFD008E7B9A /* Main.storyboard in Resources */,
			);
			runOnlyForDeploymentPostprocessing = 0;
		};
/* End PBXResourcesBuildPhase section */

/* Begin PBXSourcesBuildPhase section */
		D0506FD01C7B4CFD008E7B9A /* Sources */ = {
			isa = PBXSourcesBuildPhase;
			buildActionMask = 2147483647;
			files = (
				D0506FDA1C7B4CFD008E7B9A /* ViewController.swift in Sources */,
				D0506FED1C7B4D66008E7B9A /* KOActivityIndicator.swift in Sources */,
				D0506FD81C7B4CFD008E7B9A /* AppDelegate.swift in Sources */,
			);
			runOnlyForDeploymentPostprocessing = 0;
		};
/* End PBXSourcesBuildPhase section */

/* Begin PBXVariantGroup section */
		D0506FDB1C7B4CFD008E7B9A /* Main.storyboard */ = {
			isa = PBXVariantGroup;
			children = (
				D0506FDC1C7B4CFD008E7B9A /* Base */,
			);
			name = Main.storyboard;
			sourceTree = "<group>";
		};
		D0506FEE1C7B4E02008E7B9A /* LaunchScreen.xib */ = {
			isa = PBXVariantGroup;
			children = (
				D0506FEF1C7B4E02008E7B9A /* Base */,
			);
			name = LaunchScreen.xib;
			sourceTree = "<group>";
		};
/* End PBXVariantGroup section */

/* Begin XCBuildConfiguration section */
		D0506FE41C7B4CFD008E7B9A /* Debug */ = {
			isa = XCBuildConfiguration;
			buildSettings = {
				ALWAYS_SEARCH_USER_PATHS = NO;
				CLANG_CXX_LANGUAGE_STANDARD = "gnu++0x";
				CLANG_CXX_LIBRARY = "libc++";
				CLANG_ENABLE_MODULES = YES;
				CLANG_ENABLE_OBJC_ARC = YES;
				CLANG_WARN_BOOL_CONVERSION = YES;
				CLANG_WARN_CONSTANT_CONVERSION = YES;
				CLANG_WARN_DIRECT_OBJC_ISA_USAGE = YES_ERROR;
				CLANG_WARN_EMPTY_BODY = YES;
				CLANG_WARN_ENUM_CONVERSION = YES;
				CLANG_WARN_INT_CONVERSION = YES;
				CLANG_WARN_OBJC_ROOT_CLASS = YES_ERROR;
				CLANG_WARN_UNREACHABLE_CODE = YES;
				CLANG_WARN__DUPLICATE_METHOD_MATCH = YES;
				"CODE_SIGN_IDENTITY[sdk=iphoneos*]" = "iPhone Developer";
				COPY_PHASE_STRIP = NO;
				DEBUG_INFORMATION_FORMAT = dwarf;
				ENABLE_STRICT_OBJC_MSGSEND = YES;
				ENABLE_TESTABILITY = YES;
				GCC_C_LANGUAGE_STANDARD = gnu99;
				GCC_DYNAMIC_NO_PIC = NO;
				GCC_NO_COMMON_BLOCKS = YES;
				GCC_OPTIMIZATION_LEVEL = 0;
				GCC_PREPROCESSOR_DEFINITIONS = (
					"DEBUG=1",
					"$(inherited)",
				);
				GCC_WARN_64_TO_32_BIT_CONVERSION = YES;
				GCC_WARN_ABOUT_RETURN_TYPE = YES_ERROR;
				GCC_WARN_UNDECLARED_SELECTOR = YES;
				GCC_WARN_UNINITIALIZED_AUTOS = YES_AGGRESSIVE;
				GCC_WARN_UNUSED_FUNCTION = YES;
				GCC_WARN_UNUSED_VARIABLE = YES;
				IPHONEOS_DEPLOYMENT_TARGET = 9.2;
				MTL_ENABLE_DEBUG_INFO = YES;
				ONLY_ACTIVE_ARCH = YES;
				SDKROOT = iphoneos;
				SWIFT_OPTIMIZATION_LEVEL = "-Onone";
				TARGETED_DEVICE_FAMILY = "1,2";
			};
			name = Debug;
		};
		D0506FE51C7B4CFD008E7B9A /* Release */ = {
			isa = XCBuildConfiguration;
			buildSettings = {
				ALWAYS_SEARCH_USER_PATHS = NO;
				CLANG_CXX_LANGUAGE_STANDARD = "gnu++0x";
				CLANG_CXX_LIBRARY = "libc++";
				CLANG_ENABLE_MODULES = YES;
				CLANG_ENABLE_OBJC_ARC = YES;
				CLANG_WARN_BOOL_CONVERSION = YES;
				CLANG_WARN_CONSTANT_CONVERSION = YES;
				CLANG_WARN_DIRECT_OBJC_ISA_USAGE = YES_ERROR;
				CLANG_WARN_EMPTY_BODY = YES;
				CLANG_WARN_ENUM_CONVERSION = YES;
				CLANG_WARN_INT_CONVERSION = YES;
				CLANG_WARN_OBJC_ROOT_CLASS = YES_ERROR;
				CLANG_WARN_UNREACHABLE_CODE = YES;
				CLANG_WARN__DUPLICATE_METHOD_MATCH = YES;
				"CODE_SIGN_IDENTITY[sdk=iphoneos*]" = "iPhone Developer";
				COPY_PHASE_STRIP = NO;
				DEBUG_INFORMATION_FORMAT = "dwarf-with-dsym";
				ENABLE_NS_ASSERTIONS = NO;
				ENABLE_STRICT_OBJC_MSGSEND = YES;
				GCC_C_LANGUAGE_STANDARD = gnu99;
				GCC_NO_COMMON_BLOCKS = YES;
				GCC_WARN_64_TO_32_BIT_CONVERSION = YES;
				GCC_WARN_ABOUT_RETURN_TYPE = YES_ERROR;
				GCC_WARN_UNDECLARED_SELECTOR = YES;
				GCC_WARN_UNINITIALIZED_AUTOS = YES_AGGRESSIVE;
				GCC_WARN_UNUSED_FUNCTION = YES;
				GCC_WARN_UNUSED_VARIABLE = YES;
				IPHONEOS_DEPLOYMENT_TARGET = 9.2;
				MTL_ENABLE_DEBUG_INFO = NO;
				SDKROOT = iphoneos;
				TARGETED_DEVICE_FAMILY = "1,2";
				VALIDATE_PRODUCT = YES;
			};
			name = Release;
		};
		D0506FE71C7B4CFD008E7B9A /* Debug */ = {
			isa = XCBuildConfiguration;
			buildSettings = {
				ASSETCATALOG_COMPILER_APPICON_NAME = AppIcon;
				INFOPLIST_FILE = KOActivityIndicatorExample/Info.plist;
				LD_RUNPATH_SEARCH_PATHS = "$(inherited) @executable_path/Frameworks";
				PRODUCT_BUNDLE_IDENTIFIER = com.kohtenko.activityExample.KOActivityIndicatorExample;
				PRODUCT_NAME = "$(TARGET_NAME)";
			};
			name = Debug;
		};
		D0506FE81C7B4CFD008E7B9A /* Release */ = {
			isa = XCBuildConfiguration;
			buildSettings = {
				ASSETCATALOG_COMPILER_APPICON_NAME = AppIcon;
				INFOPLIST_FILE = KOActivityIndicatorExample/Info.plist;
				LD_RUNPATH_SEARCH_PATHS = "$(inherited) @executable_path/Frameworks";
				PRODUCT_BUNDLE_IDENTIFIER = com.kohtenko.activityExample.KOActivityIndicatorExample;
				PRODUCT_NAME = "$(TARGET_NAME)";
			};
			name = Release;
		};
/* End XCBuildConfiguration section */

/* Begin XCConfigurationList section */
		D0506FCF1C7B4CFD008E7B9A /* Build configuration list for PBXProject "KOActivityIndicatorExample" */ = {
			isa = XCConfigurationList;
			buildConfigurations = (
				D0506FE41C7B4CFD008E7B9A /* Debug */,
				D0506FE51C7B4CFD008E7B9A /* Release */,
			);
			defaultConfigurationIsVisible = 0;
			defaultConfigurationName = Release;
		};
		D0506FE61C7B4CFD008E7B9A /* Build configuration list for PBXNativeTarget "KOActivityIndicatorExample" */ = {
			isa = XCConfigurationList;
			buildConfigurations = (
				D0506FE71C7B4CFD008E7B9A /* Debug */,
				D0506FE81C7B4CFD008E7B9A /* Release */,
			);
			defaultConfigurationIsVisible = 0;
			defaultConfigurationName = Release;
		};
/* End XCConfigurationList section */
	};
	rootObject = D0506FCC1C7B4CFD008E7B9A /* Project object */;
}
